
Microsoft Visual Studio Solution File, Format Version 12.00
# Visual Studio Version 17
VisualStudioVersion = 17.0.31903.59
MinimumVisualStudioVersion = 10.0.40219.1
Project("{2150E333-8FDC-42A3-9474-1A3956D46DE8}") = "src", "src", "{827E0CD3-B72D-47B6-A68D-7590B98EB39B}"
EndProject
Project("{FAE04EC0-301F-11D3-BF4B-00C04F79EFBC}") = "AI.Document.Converter.Domain", "src\AI.Document.Converter.Domain\AI.Document.Converter.Domain.csproj", "{F454625E-70C4-437B-8002-60B60823C2F5}"
EndProject
Project("{FAE04EC0-301F-11D3-BF4B-00C04F79EFBC}") = "AI.Document.Converter.Application", "src\AI.Document.Converter.Application\AI.Document.Converter.Application.csproj", "{53998C2E-5F25-47FC-9632-FFA717FD73BC}"
EndProject
Project("{FAE04EC0-301F-11D3-BF4B-00C04F79EFBC}") = "AI.Document.Converter.Infrastructure", "src\AI.Document.Converter.Infrastructure\AI.Document.Converter.Infrastructure.csproj", "{0B392EB0-B32A-415C-BDC1-15BFEEE08E7F}"
EndProject
Project("{FAE04EC0-301F-11D3-BF4B-00C04F79EFBC}") = "AI.Document.Converter.Wpf", "src\AI.Document.Converter.Wpf\AI.Document.Converter.Wpf.csproj", "{3B87DD59-1AE3-454F-9EF0-D15AC340DBAA}"
EndProject
Project("{FAE04EC0-301F-11D3-BF4B-00C04F79EFBC}") = "AI.Document.Converter.UnitTests", "tests\AI.Document.Converter.UnitTests\AI.Document.Converter.UnitTests.csproj", "{22FAF065-91A7-4780-B987-A01EB76FA97D}"
EndProject
Project("{FAE04EC0-301F-11D3-BF4B-00C04F79EFBC}") = "AI.Document.Converter.IntegrationTests", "tests\AI.Document.Converter.IntegrationTests\AI.Document.Converter.IntegrationTests.csproj", "{6497C35E-EDD8-4588-9833-EFC89A6EAEEA}"
EndProject
Project("{FAE04EC0-301F-11D3-BF4B-00C04F79EFBC}") = "AI.Document.Converter.Contracts", "src\AI.Document.Converter.Contracts\AI.Document.Converter.Contracts.csproj", "{79AF71BB-7C90-49A7-97DA-2E0AE216AC99}"
EndProject
Project("{FAE04EC0-301F-11D3-BF4B-00C04F79EFBC}") = "AI.Document.Converter.Web", "src\AI.Document.Converter.Web\AI.Document.Converter.Web.csproj", "{7C6796F7-C326-4252-A8B5-D8E80610ADEA}"
EndProject
Project("{FAE04EC0-301F-11D3-BF4B-00C04F79EFBC}") = "AI.Document.Converter.Worker", "src\AI.Document.Converter.Worker\AI.Document.Converter.Worker.csproj", "{59305E93-46A2-4E7A-B37D-5FA773C6D183}"
EndProject
Project("{FAE04EC0-301F-11D3-BF4B-00C04F79EFBC}") = "AI.Document.Converter.Persistence", "src\AI.Document.Converter.Persistence\AI.Document.Converter.Persistence.csproj", "{2E4C24D7-02C1-42DD-8AB6-7E86F1D97F69}"
EndProject
Project("{2150E333-8FDC-42A3-9474-1A3956D46DE8}") = "tests", "tests", "{0AB3BF05-4346-4AA6-1389-037BE0695223}"
EndProject
Project("{FAE04EC0-301F-11D3-BF4B-00C04F79EFBC}") = "AI.Document.Converter.Web.Tests", "tests\AI.Document.Converter.Web.Tests\AI.Document.Converter.Web.Tests.csproj", "{0561F4EA-17D7-4DCD-8DB6-FE23EA0F1EB5}"
EndProject
Global
	GlobalSection(SolutionConfigurationPlatforms) = preSolution
		Debug|Any CPU = Debug|Any CPU
		Debug|x64 = Debug|x64
		Debug|x86 = Debug|x86
		Release|Any CPU = Release|Any CPU
		Release|x64 = Release|x64
		Release|x86 = Release|x86
	EndGlobalSection
	GlobalSection(ProjectConfigurationPlatforms) = postSolution
		{F454625E-70C4-437B-8002-60B60823C2F5}.Debug|Any CPU.ActiveCfg = Debug|Any CPU
		{F454625E-70C4-437B-8002-60B60823C2F5}.Debug|Any CPU.Build.0 = Debug|Any CPU
		{F454625E-70C4-437B-8002-60B60823C2F5}.Debug|x64.ActiveCfg = Debug|Any CPU
		{F454625E-70C4-437B-8002-60B60823C2F5}.Debug|x64.Build.0 = Debug|Any CPU
		{F454625E-70C4-437B-8002-60B60823C2F5}.Debug|x86.ActiveCfg = Debug|Any CPU
		{F454625E-70C4-437B-8002-60B60823C2F5}.Debug|x86.Build.0 = Debug|Any CPU
		{F454625E-70C4-437B-8002-60B60823C2F5}.Release|Any CPU.ActiveCfg = Release|Any CPU
		{F454625E-70C4-437B-8002-60B60823C2F5}.Release|Any CPU.Build.0 = Release|Any CPU
		{F454625E-70C4-437B-8002-60B60823C2F5}.Release|x64.ActiveCfg = Release|Any CPU
		{F454625E-70C4-437B-8002-60B60823C2F5}.Release|x64.Build.0 = Release|Any CPU
		{F454625E-70C4-437B-8002-60B60823C2F5}.Release|x86.ActiveCfg = Release|Any CPU
		{F454625E-70C4-437B-8002-60B60823C2F5}.Release|x86.Build.0 = Release|Any CPU
		{53998C2E-5F25-47FC-9632-FFA717FD73BC}.Debug|Any CPU.ActiveCfg = Debug|Any CPU
		{53998C2E-5F25-47FC-9632-FFA717FD73BC}.Debug|Any CPU.Build.0 = Debug|Any CPU
		{53998C2E-5F25-47FC-9632-FFA717FD73BC}.Debug|x64.ActiveCfg = Debug|Any CPU
		{53998C2E-5F25-47FC-9632-FFA717FD73BC}.Debug|x64.Build.0 = Debug|Any CPU
		{53998C2E-5F25-47FC-9632-FFA717FD73BC}.Debug|x86.ActiveCfg = Debug|Any CPU
		{53998C2E-5F25-47FC-9632-FFA717FD73BC}.Debug|x86.Build.0 = Debug|Any CPU
		{53998C2E-5F25-47FC-9632-FFA717FD73BC}.Release|Any CPU.ActiveCfg = Release|Any CPU
		{53998C2E-5F25-47FC-9632-FFA717FD73BC}.Release|Any CPU.Build.0 = Release|Any CPU
		{53998C2E-5F25-47FC-9632-FFA717FD73BC}.Release|x64.ActiveCfg = Release|Any CPU
		{53998C2E-5F25-47FC-9632-FFA717FD73BC}.Release|x64.Build.0 = Release|Any CPU
		{53998C2E-5F25-47FC-9632-FFA717FD73BC}.Release|x86.ActiveCfg = Release|Any CPU
		{53998C2E-5F25-47FC-9632-FFA717FD73BC}.Release|x86.Build.0 = Release|Any CPU
		{0B392EB0-B32A-415C-BDC1-15BFEEE08E7F}.Debug|Any CPU.ActiveCfg = Debug|Any CPU
		{0B392EB0-B32A-415C-BDC1-15BFEEE08E7F}.Debug|Any CPU.Build.0 = Debug|Any CPU
		{0B392EB0-B32A-415C-BDC1-15BFEEE08E7F}.Debug|x64.ActiveCfg = Debug|Any CPU
		{0B392EB0-B32A-415C-BDC1-15BFEEE08E7F}.Debug|x64.Build.0 = Debug|Any CPU
		{0B392EB0-B32A-415C-BDC1-15BFEEE08E7F}.Debug|x86.ActiveCfg = Debug|Any CPU
		{0B392EB0-B32A-415C-BDC1-15BFEEE08E7F}.Debug|x86.Build.0 = Debug|Any CPU
		{0B392EB0-B32A-415C-BDC1-15BFEEE08E7F}.Release|Any CPU.ActiveCfg = Release|Any CPU
		{0B392EB0-B32A-415C-BDC1-15BFEEE08E7F}.Release|Any CPU.Build.0 = Release|Any CPU
		{0B392EB0-B32A-415C-BDC1-15BFEEE08E7F}.Release|x64.ActiveCfg = Release|Any CPU
		{0B392EB0-B32A-415C-BDC1-15BFEEE08E7F}.Release|x64.Build.0 = Release|Any CPU
		{0B392EB0-B32A-415C-BDC1-15BFEEE08E7F}.Release|x86.ActiveCfg = Release|Any CPU
		{0B392EB0-B32A-415C-BDC1-15BFEEE08E7F}.Release|x86.Build.0 = Release|Any CPU
		{3B87DD59-1AE3-454F-9EF0-D15AC340DBAA}.Debug|Any CPU.ActiveCfg = Debug|Any CPU
		{3B87DD59-1AE3-454F-9EF0-D15AC340DBAA}.Debug|Any CPU.Build.0 = Debug|Any CPU
		{3B87DD59-1AE3-454F-9EF0-D15AC340DBAA}.Debug|x64.ActiveCfg = Debug|Any CPU
		{3B87DD59-1AE3-454F-9EF0-D15AC340DBAA}.Debug|x64.Build.0 = Debug|Any CPU
		{3B87DD59-1AE3-454F-9EF0-D15AC340DBAA}.Debug|x86.ActiveCfg = Debug|Any CPU
		{3B87DD59-1AE3-454F-9EF0-D15AC340DBAA}.Debug|x86.Build.0 = Debug|Any CPU
		{3B87DD59-1AE3-454F-9EF0-D15AC340DBAA}.Release|Any CPU.ActiveCfg = Release|Any CPU
		{3B87DD59-1AE3-454F-9EF0-D15AC340DBAA}.Release|Any CPU.Build.0 = Release|Any CPU
		{3B87DD59-1AE3-454F-9EF0-D15AC340DBAA}.Release|x64.ActiveCfg = Release|Any CPU
		{3B87DD59-1AE3-454F-9EF0-D15AC340DBAA}.Release|x64.Build.0 = Release|Any CPU
		{3B87DD59-1AE3-454F-9EF0-D15AC340DBAA}.Release|x86.ActiveCfg = Release|Any CPU
		{3B87DD59-1AE3-454F-9EF0-D15AC340DBAA}.Release|x86.Build.0 = Release|Any CPU
		{22FAF065-91A7-4780-B987-A01EB76FA97D}.Debug|Any CPU.ActiveCfg = Debug|Any CPU
		{22FAF065-91A7-4780-B987-A01EB76FA97D}.Debug|Any CPU.Build.0 = Debug|Any CPU
		{22FAF065-91A7-4780-B987-A01EB76FA97D}.Debug|x64.ActiveCfg = Debug|Any CPU
		{22FAF065-91A7-4780-B987-A01EB76FA97D}.Debug|x64.Build.0 = Debug|Any CPU
		{22FAF065-91A7-4780-B987-A01EB76FA97D}.Debug|x86.ActiveCfg = Debug|Any CPU
		{22FAF065-91A7-4780-B987-A01EB76FA97D}.Debug|x86.Build.0 = Debug|Any CPU
		{22FAF065-91A7-4780-B987-A01EB76FA97D}.Release|Any CPU.ActiveCfg = Release|Any CPU
		{22FAF065-91A7-4780-B987-A01EB76FA97D}.Release|Any CPU.Build.0 = Release|Any CPU
		{22FAF065-91A7-4780-B987-A01EB76FA97D}.Release|x64.ActiveCfg = Release|Any CPU
		{22FAF065-91A7-4780-B987-A01EB76FA97D}.Release|x64.Build.0 = Release|Any CPU
		{22FAF065-91A7-4780-B987-A01EB76FA97D}.Release|x86.ActiveCfg = Release|Any CPU
		{22FAF065-91A7-4780-B987-A01EB76FA97D}.Release|x86.Build.0 = Release|Any CPU
		{6497C35E-EDD8-4588-9833-EFC89A6EAEEA}.Debug|Any CPU.ActiveCfg = Debug|Any CPU
		{6497C35E-EDD8-4588-9833-EFC89A6EAEEA}.Debug|Any CPU.Build.0 = Debug|Any CPU
		{6497C35E-EDD8-4588-9833-EFC89A6EAEEA}.Debug|x64.ActiveCfg = Debug|Any CPU
		{6497C35E-EDD8-4588-9833-EFC89A6EAEEA}.Debug|x64.Build.0 = Debug|Any CPU
		{6497C35E-EDD8-4588-9833-EFC89A6EAEEA}.Debug|x86.ActiveCfg = Debug|Any CPU
		{6497C35E-EDD8-4588-9833-EFC89A6EAEEA}.Debug|x86.Build.0 = Debug|Any CPU
		{6497C35E-EDD8-4588-9833-EFC89A6EAEEA}.Release|Any CPU.ActiveCfg = Release|Any CPU
		{6497C35E-EDD8-4588-9833-EFC89A6EAEEA}.Release|Any CPU.Build.0 = Release|Any CPU
		{6497C35E-EDD8-4588-9833-EFC89A6EAEEA}.Release|x64.ActiveCfg = Release|Any CPU
		{6497C35E-EDD8-4588-9833-EFC89A6EAEEA}.Release|x64.Build.0 = Release|Any CPU
		{6497C35E-EDD8-4588-9833-EFC89A6EAEEA}.Release|x86.ActiveCfg = Release|Any CPU
		{6497C35E-EDD8-4588-9833-EFC89A6EAEEA}.Release|x86.Build.0 = Release|Any CPU
		{79AF71BB-7C90-49A7-97DA-2E0AE216AC99}.Debug|Any CPU.ActiveCfg = Debug|Any CPU
		{79AF71BB-7C90-49A7-97DA-2E0AE216AC99}.Debug|Any CPU.Build.0 = Debug|Any CPU
		{79AF71BB-7C90-49A7-97DA-2E0AE216AC99}.Debug|x64.ActiveCfg = Debug|Any CPU
		{79AF71BB-7C90-49A7-97DA-2E0AE216AC99}.Debug|x64.Build.0 = Debug|Any CPU
		{79AF71BB-7C90-49A7-97DA-2E0AE216AC99}.Debug|x86.ActiveCfg = Debug|Any CPU
		{79AF71BB-7C90-49A7-97DA-2E0AE216AC99}.Debug|x86.Build.0 = Debug|Any CPU
		{79AF71BB-7C90-49A7-97DA-2E0AE216AC99}.Release|Any CPU.ActiveCfg = Release|Any CPU
		{79AF71BB-7C90-49A7-97DA-2E0AE216AC99}.Release|Any CPU.Build.0 = Release|Any CPU
		{79AF71BB-7C90-49A7-97DA-2E0AE216AC99}.Release|x64.ActiveCfg = Release|Any CPU
		{79AF71BB-7C90-49A7-97DA-2E0AE216AC99}.Release|x64.Build.0 = Release|Any CPU
		{79AF71BB-7C90-49A7-97DA-2E0AE216AC99}.Release|x86.ActiveCfg = Release|Any CPU
		{79AF71BB-7C90-49A7-97DA-2E0AE216AC99}.Release|x86.Build.0 = Release|Any CPU
		{7C6796F7-C326-4252-A8B5-D8E80610ADEA}.Debug|Any CPU.ActiveCfg = Debug|Any CPU
		{7C6796F7-C326-4252-A8B5-D8E80610ADEA}.Debug|Any CPU.Build.0 = Debug|Any CPU
		{7C6796F7-C326-4252-A8B5-D8E80610ADEA}.Debug|x64.ActiveCfg = Debug|Any CPU
		{7C6796F7-C326-4252-A8B5-D8E80610ADEA}.Debug|x64.Build.0 = Debug|Any CPU
		{7C6796F7-C326-4252-A8B5-D8E80610ADEA}.Debug|x86.ActiveCfg = Debug|Any CPU
		{7C6796F7-C326-4252-A8B5-D8E80610ADEA}.Debug|x86.Build.0 = Debug|Any CPU
		{7C6796F7-C326-4252-A8B5-D8E80610ADEA}.Release|Any CPU.ActiveCfg = Release|Any CPU
		{7C6796F7-C326-4252-A8B5-D8E80610ADEA}.Release|Any CPU.Build.0 = Release|Any CPU
		{7C6796F7-C326-4252-A8B5-D8E80610ADEA}.Release|x64.ActiveCfg = Release|Any CPU
		{7C6796F7-C326-4252-A8B5-D8E80610ADEA}.Release|x64.Build.0 = Release|Any CPU
		{7C6796F7-C326-4252-A8B5-D8E80610ADEA}.Release|x86.ActiveCfg = Release|Any CPU
		{7C6796F7-C326-4252-A8B5-D8E80610ADEA}.Release|x86.Build.0 = Release|Any CPU
		{59305E93-46A2-4E7A-B37D-5FA773C6D183}.Debug|Any CPU.ActiveCfg = Debug|Any CPU
		{59305E93-46A2-4E7A-B37D-5FA773C6D183}.Debug|Any CPU.Build.0 = Debug|Any CPU
		{59305E93-46A2-4E7A-B37D-5FA773C6D183}.Debug|x64.ActiveCfg = Debug|Any CPU
		{59305E93-46A2-4E7A-B37D-5FA773C6D183}.Debug|x64.Build.0 = Debug|Any CPU
		{59305E93-46A2-4E7A-B37D-5FA773C6D183}.Debug|x86.ActiveCfg = Debug|Any CPU
		{59305E93-46A2-4E7A-B37D-5FA773C6D183}.Debug|x86.Build.0 = Debug|Any CPU
		{59305E93-46A2-4E7A-B37D-5FA773C6D183}.Release|Any CPU.ActiveCfg = Release|Any CPU
		{59305E93-46A2-4E7A-B37D-5FA773C6D183}.Release|Any CPU.Build.0 = Release|Any CPU
		{59305E93-46A2-4E7A-B37D-5FA773C6D183}.Release|x64.ActiveCfg = Release|Any CPU
		{59305E93-46A2-4E7A-B37D-5FA773C6D183}.Release|x64.Build.0 = Release|Any CPU
		{59305E93-46A2-4E7A-B37D-5FA773C6D183}.Release|x86.ActiveCfg = Release|Any CPU
		{59305E93-46A2-4E7A-B37D-5FA773C6D183}.Release|x86.Build.0 = Release|Any CPU
		{2E4C24D7-02C1-42DD-8AB6-7E86F1D97F69}.Debug|Any CPU.ActiveCfg = Debug|Any CPU
		{2E4C24D7-02C1-42DD-8AB6-7E86F1D97F69}.Debug|Any CPU.Build.0 = Debug|Any CPU
		{2E4C24D7-02C1-42DD-8AB6-7E86F1D97F69}.Debug|x64.ActiveCfg = Debug|Any CPU
		{2E4C24D7-02C1-42DD-8AB6-7E86F1D97F69}.Debug|x64.Build.0 = Debug|Any CPU
		{2E4C24D7-02C1-42DD-8AB6-7E86F1D97F69}.Debug|x86.ActiveCfg = Debug|Any CPU
		{2E4C24D7-02C1-42DD-8AB6-7E86F1D97F69}.Debug|x86.Build.0 = Debug|Any CPU
		{2E4C24D7-02C1-42DD-8AB6-7E86F1D97F69}.Release|Any CPU.ActiveCfg = Release|Any CPU
		{2E4C24D7-02C1-42DD-8AB6-7E86F1D97F69}.Release|Any CPU.Build.0 = Release|Any CPU
		{2E4C24D7-02C1-42DD-8AB6-7E86F1D97F69}.Release|x64.ActiveCfg = Release|Any CPU
		{2E4C24D7-02C1-42DD-8AB6-7E86F1D97F69}.Release|x64.Build.0 = Release|Any CPU
		{2E4C24D7-02C1-42DD-8AB6-7E86F1D97F69}.Release|x86.ActiveCfg = Release|Any CPU
		{2E4C24D7-02C1-42DD-8AB6-7E86F1D97F69}.Release|x86.Build.0 = Release|Any CPU
		{0561F4EA-17D7-4DCD-8DB6-FE23EA0F1EB5}.Debug|Any CPU.ActiveCfg = Debug|Any CPU
		{0561F4EA-17D7-4DCD-8DB6-FE23EA0F1EB5}.Debug|Any CPU.Build.0 = Debug|Any CPU
		{0561F4EA-17D7-4DCD-8DB6-FE23EA0F1EB5}.Debug|x64.ActiveCfg = Debug|Any CPU
		{0561F4EA-17D7-4DCD-8DB6-FE23EA0F1EB5}.Debug|x64.Build.0 = Debug|Any CPU
		{0561F4EA-17D7-4DCD-8DB6-FE23EA0F1EB5}.Debug|x86.ActiveCfg = Debug|Any CPU
		{0561F4EA-17D7-4DCD-8DB6-FE23EA0F1EB5}.Debug|x86.Build.0 = Debug|Any CPU
		{0561F4EA-17D7-4DCD-8DB6-FE23EA0F1EB5}.Release|Any CPU.ActiveCfg = Release|Any CPU
		{0561F4EA-17D7-4DCD-8DB6-FE23EA0F1EB5}.Release|Any CPU.Build.0 = Release|Any CPU
		{0561F4EA-17D7-4DCD-8DB6-FE23EA0F1EB5}.Release|x64.ActiveCfg = Release|Any CPU
		{0561F4EA-17D7-4DCD-8DB6-FE23EA0F1EB5}.Release|x64.Build.0 = Release|Any CPU
		{0561F4EA-17D7-4DCD-8DB6-FE23EA0F1EB5}.Release|x86.ActiveCfg = Release|Any CPU
		{0561F4EA-17D7-4DCD-8DB6-FE23EA0F1EB5}.Release|x86.Build.0 = Release|Any CPU
	EndGlobalSection
	GlobalSection(SolutionProperties) = preSolution
		HideSolutionNode = FALSE
	EndGlobalSection
	GlobalSection(NestedProjects) = preSolution
		{F454625E-70C4-437B-8002-60B60823C2F5} = {827E0CD3-B72D-47B6-A68D-7590B98EB39B}
		{53998C2E-5F25-47FC-9632-FFA717FD73BC} = {827E0CD3-B72D-47B6-A68D-7590B98EB39B}
		{0B392EB0-B32A-415C-BDC1-15BFEEE08E7F} = {827E0CD3-B72D-47B6-A68D-7590B98EB39B}
		{3B87DD59-1AE3-454F-9EF0-D15AC340DBAA} = {827E0CD3-B72D-47B6-A68D-7590B98EB39B}
		{22FAF065-91A7-4780-B987-A01EB76FA97D} = {827E0CD3-B72D-47B6-A68D-7590B98EB39B}
		{6497C35E-EDD8-4588-9833-EFC89A6EAEEA} = {827E0CD3-B72D-47B6-A68D-7590B98EB39B}
		{79AF71BB-7C90-49A7-97DA-2E0AE216AC99} = {827E0CD3-B72D-47B6-A68D-7590B98EB39B}
		{7C6796F7-C326-4252-A8B5-D8E80610ADEA} = {827E0CD3-B72D-47B6-A68D-7590B98EB39B}
		{59305E93-46A2-4E7A-B37D-5FA773C6D183} = {827E0CD3-B72D-47B6-A68D-7590B98EB39B}
		{2E4C24D7-02C1-42DD-8AB6-7E86F1D97F69} = {827E0CD3-B72D-47B6-A68D-7590B98EB39B}
		{0561F4EA-17D7-4DCD-8DB6-FE23EA0F1EB5} = {0AB3BF05-4346-4AA6-1389-037BE0695223}
	EndGlobalSection
EndGlobal
